// !$*UTF8*$!
{
	archiveVersion = 1;
	classes = {
	};
	objectVersion = 50;
	objects = {

/* Begin PBXBuildFile section */
		AE93236E204D1B38002BAA00 /* AppDelegate.m in Sources */ = {isa = PBXBuildFile; fileRef = AE93236D204D1B38002BAA00 /* AppDelegate.m */; };
		AE932376204D1B39002BAA00 /* Assets.xcassets in Resources */ = {isa = PBXBuildFile; fileRef = AE932375204D1B39002BAA00 /* Assets.xcassets */; };
		AE932379204D1B39002BAA00 /* LaunchScreen.storyboard in Resources */ = {isa = PBXBuildFile; fileRef = AE932377204D1B39002BAA00 /* LaunchScreen.storyboard */; };
		AE93237C204D1B39002BAA00 /* main.m in Sources */ = {isa = PBXBuildFile; fileRef = AE93237B204D1B39002BAA00 /* main.m */; };
		AE932389204D224D002BAA00 /* LJHomeController.m in Sources */ = {isa = PBXBuildFile; fileRef = AE932388204D224D002BAA00 /* LJHomeController.m */; };
		AE93238C204D3162002BAA00 /* HomeAvatarList.m in Sources */ = {isa = PBXBuildFile; fileRef = AE93238B204D3162002BAA00 /* HomeAvatarList.m */; };
		AE932391204D327F002BAA00 /* LJDimensionConst.m in Sources */ = {isa = PBXBuildFile; fileRef = AE932390204D327F002BAA00 /* LJDimensionConst.m */; };
		AE932399204D3B87002BAA00 /* LJHomeDataController.m in Sources */ = {isa = PBXBuildFile; fileRef = AE932398204D3B87002BAA00 /* LJHomeDataController.m */; };
		AE93239C204D3E4A002BAA00 /* LJHomeAvatarListViewModel.m in Sources */ = {isa = PBXBuildFile; fileRef = AE93239B204D3E4A002BAA00 /* LJHomeAvatarListViewModel.m */; };
		AE9323A0204D3EFD002BAA00 /* HomeAvatarModel.m in Sources */ = {isa = PBXBuildFile; fileRef = AE93239F204D3EFD002BAA00 /* HomeAvatarModel.m */; };
		AE9323A3204D4478002BAA00 /* LJHomeSubjectDataController.m in Sources */ = {isa = PBXBuildFile; fileRef = AE9323A2204D4478002BAA00 /* LJHomeSubjectDataController.m */; };
		AE9323A6204D45B2002BAA00 /* LJHomeAvatarViewModel.m in Sources */ = {isa = PBXBuildFile; fileRef = AE9323A5204D45B2002BAA00 /* LJHomeAvatarViewModel.m */; };
		AE9323AC204D5E16002BAA00 /* LJHomeSubjectCollectionViewCell.m in Sources */ = {isa = PBXBuildFile; fileRef = AE9323AB204D5E16002BAA00 /* LJHomeSubjectCollectionViewCell.m */; };
/* End PBXBuildFile section */

/* Begin PBXFileReference section */
		AE932369204D1B38002BAA00 /* MVVM-no-Binding with DataController.app */ = {isa = PBXFileReference; explicitFileType = wrapper.application; includeInIndex = 0; path = "MVVM-no-Binding with DataController.app"; sourceTree = BUILT_PRODUCTS_DIR; };
		AE93236C204D1B38002BAA00 /* AppDelegate.h */ = {isa = PBXFileReference; lastKnownFileType = sourcecode.c.h; path = AppDelegate.h; sourceTree = "<group>"; };
		AE93236D204D1B38002BAA00 /* AppDelegate.m */ = {isa = PBXFileReference; lastKnownFileType = sourcecode.c.objc; path = AppDelegate.m; sourceTree = "<group>"; };
		AE932375204D1B39002BAA00 /* Assets.xcassets */ = {isa = PBXFileReference; lastKnownFileType = folder.assetcatalog; path = Assets.xcassets; sourceTree = "<group>"; };
		AE932378204D1B39002BAA00 /* Base */ = {isa = PBXFileReference; lastKnownFileType = file.storyboard; name = Base; path = Base.lproj/LaunchScreen.storyboard; sourceTree = "<group>"; };
		AE93237A204D1B39002BAA00 /* Info.plist */ = {isa = PBXFileReference; lastKnownFileType = text.plist.xml; path = Info.plist; sourceTree = "<group>"; };
		AE93237B204D1B39002BAA00 /* main.m */ = {isa = PBXFileReference; lastKnownFileType = sourcecode.c.objc; path = main.m; sourceTree = "<group>"; };
		AE932387204D224D002BAA00 /* LJHomeController.h */ = {isa = PBXFileReference; lastKnownFileType = sourcecode.c.h; path = LJHomeController.h; sourceTree = "<group>"; };
		AE932388204D224D002BAA00 /* LJHomeController.m */ = {isa = PBXFileReference; lastKnownFileType = sourcecode.c.objc; path = LJHomeController.m; sourceTree = "<group>"; };
		AE93238A204D3162002BAA00 /* HomeAvatarList.h */ = {isa = PBXFileReference; lastKnownFileType = sourcecode.c.h; path = HomeAvatarList.h; sourceTree = "<group>"; };
		AE93238B204D3162002BAA00 /* HomeAvatarList.m */ = {isa = PBXFileReference; lastKnownFileType = sourcecode.c.objc; path = HomeAvatarList.m; sourceTree = "<group>"; };
		AE93238F204D327F002BAA00 /* LJDimensionConst.h */ = {isa = PBXFileReference; lastKnownFileType = sourcecode.c.h; path = LJDimensionConst.h; sourceTree = "<group>"; };
		AE932390204D327F002BAA00 /* LJDimensionConst.m */ = {isa = PBXFileReference; lastKnownFileType = sourcecode.c.objc; path = LJDimensionConst.m; sourceTree = "<group>"; };
		AE932393204D3350002BAA00 /* LJDimensionConst.h */ = {isa = PBXFileReference; lastKnownFileType = sourcecode.c.h; path = LJDimensionConst.h; sourceTree = "<group>"; };
		AE932397204D3B87002BAA00 /* LJHomeDataController.h */ = {isa = PBXFileReference; lastKnownFileType = sourcecode.c.h; path = LJHomeDataController.h; sourceTree = "<group>"; };
		AE932398204D3B87002BAA00 /* LJHomeDataController.m */ = {isa = PBXFileReference; lastKnownFileType = sourcecode.c.objc; path = LJHomeDataController.m; sourceTree = "<group>"; };
		AE93239A204D3E4A002BAA00 /* LJHomeAvatarListViewModel.h */ = {isa = PBXFileReference; lastKnownFileType = sourcecode.c.h; path = LJHomeAvatarListViewModel.h; sourceTree = "<group>"; };
		AE93239B204D3E4A002BAA00 /* LJHomeAvatarListViewModel.m */ = {isa = PBXFileReference; lastKnownFileType = sourcecode.c.objc; path = LJHomeAvatarListViewModel.m; sourceTree = "<group>"; };
		AE93239E204D3EFD002BAA00 /* HomeAvatarModel.h */ = {isa = PBXFileReference; lastKnownFileType = sourcecode.c.h; path = HomeAvatarModel.h; sourceTree = "<group>"; };
		AE93239F204D3EFD002BAA00 /* HomeAvatarModel.m */ = {isa = PBXFileReference; lastKnownFileType = sourcecode.c.objc; path = HomeAvatarModel.m; sourceTree = "<group>"; };
		AE9323A1204D4478002BAA00 /* LJHomeSubjectDataController.h */ = {isa = PBXFileReference; lastKnownFileType = sourcecode.c.h; path = LJHomeSubjectDataController.h; sourceTree = "<group>"; };
		AE9323A2204D4478002BAA00 /* LJHomeSubjectDataController.m */ = {isa = PBXFileReference; lastKnownFileType = sourcecode.c.objc; path = LJHomeSubjectDataController.m; sourceTree = "<group>"; };
		AE9323A4204D45B2002BAA00 /* LJHomeAvatarViewModel.h */ = {isa = PBXFileReference; lastKnownFileType = sourcecode.c.h; path = LJHomeAvatarViewModel.h; sourceTree = "<group>"; };
		AE9323A5204D45B2002BAA00 /* LJHomeAvatarViewModel.m */ = {isa = PBXFileReference; lastKnownFileType = sourcecode.c.objc; path = LJHomeAvatarViewModel.m; sourceTree = "<group>"; };
		AE9323AA204D5E16002BAA00 /* LJHomeSubjectCollectionViewCell.h */ = {isa = PBXFileReference; lastKnownFileType = sourcecode.c.h; path = LJHomeSubjectCollectionViewCell.h; sourceTree = "<group>"; };
		AE9323AB204D5E16002BAA00 /* LJHomeSubjectCollectionViewCell.m */ = {isa = PBXFileReference; lastKnownFileType = sourcecode.c.objc; path = LJHomeSubjectCollectionViewCell.m; sourceTree = "<group>"; };
/* End PBXFileReference section */

/* Begin PBXFrameworksBuildPhase section */
		AE932366204D1B38002BAA00 /* Frameworks */ = {
			isa = PBXFrameworksBuildPhase;
			buildActionMask = 2147483647;
			files = (
			);
			runOnlyForDeploymentPostprocessing = 0;
		};
/* End PBXFrameworksBuildPhase section */

/* Begin PBXGroup section */
		AE932360204D1B38002BAA00 = {
			isa = PBXGroup;
			children = (
				AE93236B204D1B38002BAA00 /* MVVM-no-Binding with DataController */,
				AE93236A204D1B38002BAA00 /* Products */,
			);
			sourceTree = "<group>";
		};
		AE93236A204D1B38002BAA00 /* Products */ = {
			isa = PBXGroup;
			children = (
				AE932369204D1B38002BAA00 /* MVVM-no-Binding with DataController.app */,
			);
			name = Products;
			sourceTree = "<group>";
		};
		AE93236B204D1B38002BAA00 /* MVVM-no-Binding with DataController */ = {
			isa = PBXGroup;
			children = (
				AE932392204D331E002BAA00 /* Macro */,
				AE93238E204D3247002BAA00 /* Const */,
				AE93238D204D3235002BAA00 /* Util */,
				AE932382204D1B4D002BAA00 /* Demo */,
				AE93236C204D1B38002BAA00 /* AppDelegate.h */,
				AE93236D204D1B38002BAA00 /* AppDelegate.m */,
				AE932375204D1B39002BAA00 /* Assets.xcassets */,
				AE932377204D1B39002BAA00 /* LaunchScreen.storyboard */,
				AE93237A204D1B39002BAA00 /* Info.plist */,
				AE93237B204D1B39002BAA00 /* main.m */,
			);
			path = "MVVM-no-Binding with DataController";
			sourceTree = "<group>";
		};
		AE932382204D1B4D002BAA00 /* Demo */ = {
			isa = PBXGroup;
			children = (
				AE93239D204D3EE7002BAA00 /* Model */,
				AE932386204D1B69002BAA00 /* DataController */,
				AE932385204D1B65002BAA00 /* ViewModel */,
				AE932384204D1B64002BAA00 /* Controller */,
				AE932383204D1B5B002BAA00 /* View */,
			);
			path = Demo;
			sourceTree = "<group>";
		};
		AE932383204D1B5B002BAA00 /* View */ = {
			isa = PBXGroup;
			children = (
				AE93238A204D3162002BAA00 /* HomeAvatarList.h */,
				AE93238B204D3162002BAA00 /* HomeAvatarList.m */,
				AE9323AA204D5E16002BAA00 /* LJHomeSubjectCollectionViewCell.h */,
				AE9323AB204D5E16002BAA00 /* LJHomeSubjectCollectionViewCell.m */,
			);
			path = View;
			sourceTree = "<group>";
		};
		AE932384204D1B64002BAA00 /* Controller */ = {
			isa = PBXGroup;
			children = (
				AE932387204D224D002BAA00 /* LJHomeController.h */,
				AE932388204D224D002BAA00 /* LJHomeController.m */,
			);
			path = Controller;
			sourceTree = "<group>";
		};
		AE932385204D1B65002BAA00 /* ViewModel */ = {
			isa = PBXGroup;
			children = (
				AE93239A204D3E4A002BAA00 /* LJHomeAvatarListViewModel.h */,
				AE93239B204D3E4A002BAA00 /* LJHomeAvatarListViewModel.m */,
				AE9323A4204D45B2002BAA00 /* LJHomeAvatarViewModel.h */,
				AE9323A5204D45B2002BAA00 /* LJHomeAvatarViewModel.m */,
			);
			path = ViewModel;
			sourceTree = "<group>";
		};
		AE932386204D1B69002BAA00 /* DataController */ = {
			isa = PBXGroup;
			children = (
				AE932397204D3B87002BAA00 /* LJHomeDataController.h */,
				AE932398204D3B87002BAA00 /* LJHomeDataController.m */,
				AE9323A1204D4478002BAA00 /* LJHomeSubjectDataController.h */,
				AE9323A2204D4478002BAA00 /* LJHomeSubjectDataController.m */,
			);
			path = DataController;
			sourceTree = "<group>";
		};
		AE93238D204D3235002BAA00 /* Util */ = {
			isa = PBXGroup;
			children = (
			);
			path = Util;
			sourceTree = "<group>";
		};
		AE93238E204D3247002BAA00 /* Const */ = {
			isa = PBXGroup;
			children = (
				AE93238F204D327F002BAA00 /* LJDimensionConst.h */,
				AE932390204D327F002BAA00 /* LJDimensionConst.m */,
			);
			path = Const;
			sourceTree = "<group>";
		};
		AE932392204D331E002BAA00 /* Macro */ = {
			isa = PBXGroup;
			children = (
				AE932393204D3350002BAA00 /* LJDimensionConst.h */,
			);
			path = Macro;
			sourceTree = "<group>";
		};
		AE93239D204D3EE7002BAA00 /* Model */ = {
			isa = PBXGroup;
			children = (
				AE93239E204D3EFD002BAA00 /* HomeAvatarModel.h */,
				AE93239F204D3EFD002BAA00 /* HomeAvatarModel.m */,
			);
			path = Model;
			sourceTree = "<group>";
		};
/* End PBXGroup section */

/* Begin PBXNativeTarget section */
		AE932368204D1B38002BAA00 /* MVVM-no-Binding with DataController */ = {
			isa = PBXNativeTarget;
			buildConfigurationList = AE93237F204D1B39002BAA00 /* Build configuration list for PBXNativeTarget "MVVM-no-Binding with DataController" */;
			buildPhases = (
				AE932365204D1B38002BAA00 /* Sources */,
				AE932366204D1B38002BAA00 /* Frameworks */,
				AE932367204D1B38002BAA00 /* Resources */,
			);
			buildRules = (
			);
			dependencies = (
			);
			name = "MVVM-no-Binding with DataController";
			productName = "MVVM-no-Binding with DataController";
			productReference = AE932369204D1B38002BAA00 /* MVVM-no-Binding with DataController.app */;
			productType = "com.apple.product-type.application";
		};
/* End PBXNativeTarget section */

/* Begin PBXProject section */
		AE932361204D1B38002BAA00 /* Project object */ = {
			isa = PBXProject;
			attributes = {
				LastUpgradeCheck = 0930;
				ORGANIZATIONNAME = manajay;
				TargetAttributes = {
					AE932368204D1B38002BAA00 = {
						CreatedOnToolsVersion = 9.3;
					};
				};
			};
			buildConfigurationList = AE932364204D1B38002BAA00 /* Build configuration list for PBXProject "MVVM-no-Binding with DataController" */;
			compatibilityVersion = "Xcode 9.3";
			developmentRegion = en;
			hasScannedForEncodings = 0;
			knownRegions = (
				en,
				Base,
			);
			mainGroup = AE932360204D1B38002BAA00;
			productRefGroup = AE93236A204D1B38002BAA00 /* Products */;
			projectDirPath = "";
			projectRoot = "";
			targets = (
				AE932368204D1B38002BAA00 /* MVVM-no-Binding with DataController */,
			);
		};
/* End PBXProject section */

/* Begin PBXResourcesBuildPhase section */
		AE932367204D1B38002BAA00 /* Resources */ = {
			isa = PBXResourcesBuildPhase;
			buildActionMask = 2147483647;
			files = (
				AE932379204D1B39002BAA00 /* LaunchScreen.storyboard in Resources */,
				AE932376204D1B39002BAA00 /* Assets.xcassets in Resources */,
			);
			runOnlyForDeploymentPostprocessing = 0;
		};
/* End PBXResourcesBuildPhase section */

/* Begin PBXSourcesBuildPhase section */
		AE932365204D1B38002BAA00 /* Sources */ = {
			isa = PBXSourcesBuildPhase;
			buildActionMask = 2147483647;
			files = (
				AE9323A3204D4478002BAA00 /* LJHomeSubjectDataController.m in Sources */,
				AE932389204D224D002BAA00 /* LJHomeController.m in Sources */,
				AE9323AC204D5E16002BAA00 /* LJHomeSubjectCollectionViewCell.m in Sources */,
				AE93237C204D1B39002BAA00 /* main.m in Sources */,
				AE93239C204D3E4A002BAA00 /* LJHomeAvatarListViewModel.m in Sources */,
				AE932399204D3B87002BAA00 /* LJHomeDataController.m in Sources */,
				AE93236E204D1B38002BAA00 /* AppDelegate.m in Sources */,
				AE9323A6204D45B2002BAA00 /* LJHomeAvatarViewModel.m in Sources */,
				AE9323A0204D3EFD002BAA00 /* HomeAvatarModel.m in Sources */,
				AE932391204D327F002BAA00 /* LJDimensionConst.m in Sources */,
				AE93238C204D3162002BAA00 /* HomeAvatarList.m in Sources */,
			);
			runOnlyForDeploymentPostprocessing = 0;
		};
/* End PBXSourcesBuildPhase section */

/* Begin PBXVariantGroup section */
		AE932377204D1B39002BAA00 /* LaunchScreen.storyboard */ = {
			isa = PBXVariantGroup;
			children = (
				AE932378204D1B39002BAA00 /* Base */,
			);
			name = LaunchScreen.storyboard;
			sourceTree = "<group>";
		};
/* End PBXVariantGroup section */

/* Begin XCBuildConfiguration section */
		AE93237D204D1B39002BAA00 /* Debug */ = {
			isa = XCBuildConfiguration;
			buildSettings = {
				ALWAYS_SEARCH_USER_PATHS = NO;
				CLANG_ANALYZER_NONNULL = YES;
				CLANG_ANALYZER_NUMBER_OBJECT_CONVERSION = YES_AGGRESSIVE;
				CLANG_CXX_LANGUAGE_STANDARD = "gnu++14";
				CLANG_CXX_LIBRARY = "libc++";
				CLANG_ENABLE_MODULES = YES;
				CLANG_ENABLE_OBJC_ARC = YES;
				CLANG_ENABLE_OBJC_WEAK = YES;
				CLANG_WARN_BLOCK_CAPTURE_AUTORELEASING = YES;
				CLANG_WARN_BOOL_CONVERSION = YES;
				CLANG_WARN_COMMA = YES;
				CLANG_WARN_CONSTANT_CONVERSION = YES;
				CLANG_WARN_DEPRECATED_OBJC_IMPLEMENTATIONS = YES;
				CLANG_WARN_DIRECT_OBJC_ISA_USAGE = YES_ERROR;
				CLANG_WARN_DOCUMENTATION_COMMENTS = YES;
				CLANG_WARN_EMPTY_BODY = YES;
				CLANG_WARN_ENUM_CONVERSION = YES;
				CLANG_WARN_INFINITE_RECURSION = YES;
				CLANG_WARN_INT_CONVERSION = YES;
				CLANG_WARN_NON_LITERAL_NULL_CONVERSION = YES;
				CLANG_WARN_OBJC_IMPLICIT_RETAIN_SELF = YES;
				CLANG_WARN_OBJC_LITERAL_CONVERSION = YES;
				CLANG_WARN_OBJC_ROOT_CLASS = YES_ERROR;
				CLANG_WARN_RANGE_LOOP_ANALYSIS = YES;
				CLANG_WARN_STRICT_PROTOTYPES = YES;
				CLANG_WARN_SUSPICIOUS_MOVE = YES;
				CLANG_WARN_UNGUARDED_AVAILABILITY = YES_AGGRESSIVE;
				CLANG_WARN_UNREACHABLE_CODE = YES;
				CLANG_WARN__DUPLICATE_METHOD_MATCH = YES;
				CODE_SIGN_IDENTITY = "iPhone Developer";
				COPY_PHASE_STRIP = NO;
				DEBUG_INFORMATION_FORMAT = dwarf;
				ENABLE_STRICT_OBJC_MSGSEND = YES;
				ENABLE_TESTABILITY = YES;
				GCC_C_LANGUAGE_STANDARD = gnu11;
				GCC_DYNAMIC_NO_PIC = NO;
				GCC_NO_COMMON_BLOCKS = YES;
				GCC_OPTIMIZATION_LEVEL = 0;
				GCC_PREPROCESSOR_DEFINITIONS = (
					"DEBUG=1",
					"$(inherited)",
				);
				GCC_WARN_64_TO_32_BIT_CONVERSION = YES;
				GCC_WARN_ABOUT_RETURN_TYPE = YES_ERROR;
				GCC_WARN_UNDECLARED_SELECTOR = YES;
				GCC_WARN_UNINITIALIZED_AUTOS = YES_AGGRESSIVE;
				GCC_WARN_UNUSED_FUNCTION = YES;
				GCC_WARN_UNUSED_VARIABLE = YES;
				IPHONEOS_DEPLOYMENT_TARGET = 11.3;
				MTL_ENABLE_DEBUG_INFO = YES;
				ONLY_ACTIVE_ARCH = YES;
				SDKROOT = iphoneos;
			};
			name = Debug;
		};
		AE93237E204D1B39002BAA00 /* Release */ = {
			isa = XCBuildConfiguration;
			buildSettings = {
				ALWAYS_SEARCH_USER_PATHS = NO;
				CLANG_ANALYZER_NONNULL = YES;
				CLANG_ANALYZER_NUMBER_OBJECT_CONVERSION = YES_AGGRESSIVE;
				CLANG_CXX_LANGUAGE_STANDARD = "gnu++14";
				CLANG_CXX_LIBRARY = "libc++";
				CLANG_ENABLE_MODULES = YES;
				CLANG_ENABLE_OBJC_ARC = YES;
				CLANG_ENABLE_OBJC_WEAK = YES;
				CLANG_WARN_BLOCK_CAPTURE_AUTORELEASING = YES;
				CLANG_WARN_BOOL_CONVERSION = YES;
				CLANG_WARN_COMMA = YES;
				CLANG_WARN_CONSTANT_CONVERSION = YES;
				CLANG_WARN_DEPRECATED_OBJC_IMPLEMENTATIONS = YES;
				CLANG_WARN_DIRECT_OBJC_ISA_USAGE = YES_ERROR;
				CLANG_WARN_DOCUMENTATION_COMMENTS = YES;
				CLANG_WARN_EMPTY_BODY = YES;
				CLANG_WARN_ENUM_CONVERSION = YES;
				CLANG_WARN_INFINITE_RECURSION = YES;
				CLANG_WARN_INT_CONVERSION = YES;
				CLANG_WARN_NON_LITERAL_NULL_CONVERSION = YES;
				CLANG_WARN_OBJC_IMPLICIT_RETAIN_SELF = YES;
				CLANG_WARN_OBJC_LITERAL_CONVERSION = YES;
				CLANG_WARN_OBJC_ROOT_CLASS = YES_ERROR;
				CLANG_WARN_RANGE_LOOP_ANALYSIS = YES;
				CLANG_WARN_STRICT_PROTOTYPES = YES;
				CLANG_WARN_SUSPICIOUS_MOVE = YES;
				CLANG_WARN_UNGUARDED_AVAILABILITY = YES_AGGRESSIVE;
				CLANG_WARN_UNREACHABLE_CODE = YES;
				CLANG_WARN__DUPLICATE_METHOD_MATCH = YES;
				CODE_SIGN_IDENTITY = "iPhone Developer";
				COPY_PHASE_STRIP = NO;
				DEBUG_INFORMATION_FORMAT = "dwarf-with-dsym";
				ENABLE_NS_ASSERTIONS = NO;
				ENABLE_STRICT_OBJC_MSGSEND = YES;
				GCC_C_LANGUAGE_STANDARD = gnu11;
				GCC_NO_COMMON_BLOCKS = YES;
				GCC_WARN_64_TO_32_BIT_CONVERSION = YES;
				GCC_WARN_ABOUT_RETURN_TYPE = YES_ERROR;
				GCC_WARN_UNDECLARED_SELECTOR = YES;
				GCC_WARN_UNINITIALIZED_AUTOS = YES_AGGRESSIVE;
				GCC_WARN_UNUSED_FUNCTION = YES;
				GCC_WARN_UNUSED_VARIABLE = YES;
				IPHONEOS_DEPLOYMENT_TARGET = 11.3;
				MTL_ENABLE_DEBUG_INFO = NO;
				SDKROOT = iphoneos;
				VALIDATE_PRODUCT = YES;
			};
			name = Release;
		};
		AE932380204D1B39002BAA00 /* Debug */ = {
			isa = XCBuildConfiguration;
			buildSettings = {
				ASSETCATALOG_COMPILER_APPICON_NAME = AppIcon;
				CODE_SIGN_STYLE = Manual;
				DEVELOPMENT_TEAM = "";
				INFOPLIST_FILE = "MVVM-no-Binding with DataController/Info.plist";
				LD_RUNPATH_SEARCH_PATHS = (
					"$(inherited)",
					"@executable_path/Frameworks",
				);
				PRODUCT_BUNDLE_IDENTIFIER = "www.manajay.com.MVVM-yuantiku";
				PRODUCT_NAME = "$(TARGET_NAME)";
				PROVISIONING_PROFILE_SPECIFIER = "";
				TARGETED_DEVICE_FAMILY = "1,2";
			};
			name = Debug;
		};
		AE932381204D1B39002BAA00 /* Release */ = {
			isa = XCBuildConfiguration;
			buildSettings = {
				ASSETCATALOG_COMPILER_APPICON_NAME = AppIcon;
				CODE_SIGN_STYLE = Manual;
				DEVELOPMENT_TEAM = "";
				INFOPLIST_FILE = "MVVM-no-Binding with DataController/Info.plist";
				LD_RUNPATH_SEARCH_PATHS = (
					"$(inherited)",
					"@executable_path/Frameworks",
				);
				PRODUCT_BUNDLE_IDENTIFIER = "www.manajay.com.MVVM-yuantiku";
				PRODUCT_NAME = "$(TARGET_NAME)";
				PROVISIONING_PROFILE_SPECIFIER = "";
				TARGETED_DEVICE_FAMILY = "1,2";
			};
			name = Release;
		};
/* End XCBuildConfiguration section */

/* Begin XCConfigurationList section */
		AE932364204D1B38002BAA00 /* Build configuration list for PBXProject "MVVM-no-Binding with DataController" */ = {
			isa = XCConfigurationList;
			buildConfigurations = (
				AE93237D204D1B39002BAA00 /* Debug */,
				AE93237E204D1B39002BAA00 /* Release */,
			);
			defaultConfigurationIsVisible = 0;
			defaultConfigurationName = Release;
		};
		AE93237F204D1B39002BAA00 /* Build configuration list for PBXNativeTarget "MVVM-no-Binding with DataController" */ = {
			isa = XCConfigurationList;
			buildConfigurations = (
				AE932380204D1B39002BAA00 /* Debug */,
				AE932381204D1B39002BAA00 /* Release */,
			);
			defaultConfigurationIsVisible = 0;
			defaultConfigurationName = Release;
		};
/* End XCConfigurationList section */
	};
	rootObject = AE932361204D1B38002BAA00 /* Project object */;
}
